
Microsoft Visual Studio Solution File, Format Version 12.00
# Visual Studio Version 17
VisualStudioVersion = 17.14.36518.9 d17.14
MinimumVisualStudioVersion = 10.0.40219.1
Project("{8BC9CEB8-8B4A-11D0-8D11-00A0C91BC942}") = "exe_____Point", "exe_____Point\exe_____Point.vcxproj", "{89E3EC40-EB74-4C07-A5E8-E211702F7812}"
EndProject
Global
	GlobalSection(SolutionConfigurationPlatforms) = preSolution
		Debug|x64 = Debug|x64
		Debug|x86 = Debug|x86
		Release|x64 = Release|x64
		Release|x86 = Release|x86
	EndGlobalSection
	GlobalSection(ProjectConfigurationPlatforms) = postSolution
		{89E3EC40-EB74-4C07-A5E8-E211702F7812}.Debug|x64.ActiveCfg = Debug|x64
		{89E3EC40-EB74-4C07-A5E8-E211702F7812}.Debug|x64.Build.0 = Debug|x64
		{89E3EC40-EB74-4C07-A5E8-E211702F7812}.Debug|x86.ActiveCfg = Debug|Win32
		{89E3EC40-EB74-4C07-A5E8-E211702F7812}.Debug|x86.Build.0 = Debug|Win32
		{89E3EC40-EB74-4C07-A5E8-E211702F7812}.Release|x64.ActiveCfg = Release|x64
		{89E3EC40-EB74-4C07-A5E8-E211702F7812}.Release|x64.Build.0 = Release|x64
		{89E3EC40-EB74-4C07-A5E8-E211702F7812}.Release|x86.ActiveCfg = Release|Win32
		{89E3EC40-EB74-4C07-A5E8-E211702F7812}.Release|x86.Build.0 = Release|Win32
	EndGlobalSection
	GlobalSection(SolutionProperties) = preSolution
		HideSolutionNode = FALSE
	EndGlobalSection
	GlobalSection(ExtensibilityGlobals) = postSolution
		SolutionGuid = {B250329E-7A1D-486D-B511-E61C715536C7}
	EndGlobalSection
EndGlobal
